
Microsoft Visual Studio Solution File, Format Version 12.00
# Visual Studio Version 17
VisualStudioVersion = 17.9.34728.123
MinimumVisualStudioVersion = 10.0.40219.1
Project("{FAE04EC0-301F-11D3-BF4B-00C04F79EFBC}") = "WebApplication10", "WebApplication10\WebApplication10.csproj", "{954E4A29-F8B6-406C-A03E-15421E07473E}"
EndProject
Global
	GlobalSection(SolutionConfigurationPlatforms) = preSolution
		Debug|Any CPU = Debug|Any CPU
		Release|Any CPU = Release|Any CPU
	EndGlobalSection
	GlobalSection(ProjectConfigurationPlatforms) = postSolution
		{954E4A29-F8B6-406C-A03E-15421E07473E}.Debug|Any CPU.ActiveCfg = Debug|Any CPU
		{954E4A29-F8B6-406C-A03E-15421E07473E}.Debug|Any CPU.Build.0 = Debug|Any CPU
		{954E4A29-F8B6-406C-A03E-15421E07473E}.Release|Any CPU.ActiveCfg = Release|Any CPU
		{954E4A29-F8B6-406C-A03E-15421E07473E}.Release|Any CPU.Build.0 = Release|Any CPU
	EndGlobalSection
	GlobalSection(SolutionProperties) = preSolution
		HideSolutionNode = FALSE
	EndGlobalSection
	GlobalSection(ExtensibilityGlobals) = postSolution
		SolutionGuid = {53137E56-64C1-4F26-B050-2C8B7B25129B}
	EndGlobalSection
EndGlobal
